// !$*UTF8*$!
{
	archiveVersion = 1;
	classes = {
	};
	objectVersion = 50;
	objects = {

/* Begin PBXBuildFile section */
		F787EC6A2636928B00D6D4F6 /* MovieDetailViewController.swift in Sources */ = {isa = PBXBuildFile; fileRef = F787EC692636928B00D6D4F6 /* MovieDetailViewController.swift */; };
		F79E0C34263BB6B800E676B9 /* MovieController.swift in Sources */ = {isa = PBXBuildFile; fileRef = F79E0C33263BB6B800E676B9 /* MovieController.swift */; };
		F79E0C39263BE8D600E676B9 /* Tool.swift in Sources */ = {isa = PBXBuildFile; fileRef = F79E0C38263BE8D600E676B9 /* Tool.swift */; };
		F7AF8259262C4B450048FF7F /* AppDelegate.swift in Sources */ = {isa = PBXBuildFile; fileRef = F7AF8258262C4B450048FF7F /* AppDelegate.swift */; };
		F7AF825B262C4B450048FF7F /* SceneDelegate.swift in Sources */ = {isa = PBXBuildFile; fileRef = F7AF825A262C4B450048FF7F /* SceneDelegate.swift */; };
		F7AF825D262C4B450048FF7F /* ViewController.swift in Sources */ = {isa = PBXBuildFile; fileRef = F7AF825C262C4B450048FF7F /* ViewController.swift */; };
		F7AF8260262C4B450048FF7F /* Main.storyboard in Resources */ = {isa = PBXBuildFile; fileRef = F7AF825E262C4B450048FF7F /* Main.storyboard */; };
		F7AF8262262C4B460048FF7F /* Assets.xcassets in Resources */ = {isa = PBXBuildFile; fileRef = F7AF8261262C4B460048FF7F /* Assets.xcassets */; };
		F7AF8265262C4B460048FF7F /* LaunchScreen.storyboard in Resources */ = {isa = PBXBuildFile; fileRef = F7AF8263262C4B460048FF7F /* LaunchScreen.storyboard */; };
		F7AF8270262C4B460048FF7F /* MovieTests.swift in Sources */ = {isa = PBXBuildFile; fileRef = F7AF826F262C4B460048FF7F /* MovieTests.swift */; };
		F7AF827B262C4B460048FF7F /* MovieUITests.swift in Sources */ = {isa = PBXBuildFile; fileRef = F7AF827A262C4B460048FF7F /* MovieUITests.swift */; };
		F7AF828D262C60390048FF7F /* MovieCollectionViewCell.swift in Sources */ = {isa = PBXBuildFile; fileRef = F7AF828C262C60390048FF7F /* MovieCollectionViewCell.swift */; };
		F7AF8292262C69400048FF7F /* Movie.swift in Sources */ = {isa = PBXBuildFile; fileRef = F7AF8291262C69400048FF7F /* Movie.swift */; };
		F7B7741E2647B368006768D3 /* Constants.swift in Sources */ = {isa = PBXBuildFile; fileRef = F7B7741D2647B368006768D3 /* Constants.swift */; };
/* End PBXBuildFile section */

/* Begin PBXContainerItemProxy section */
		F7AF826C262C4B460048FF7F /* PBXContainerItemProxy */ = {
			isa = PBXContainerItemProxy;
			containerPortal = F7AF824D262C4B450048FF7F /* Project object */;
			proxyType = 1;
			remoteGlobalIDString = F7AF8254262C4B450048FF7F;
			remoteInfo = Movie;
		};
		F7AF8277262C4B460048FF7F /* PBXContainerItemProxy */ = {
			isa = PBXContainerItemProxy;
			containerPortal = F7AF824D262C4B450048FF7F /* Project object */;
			proxyType = 1;
			remoteGlobalIDString = F7AF8254262C4B450048FF7F;
			remoteInfo = Movie;
		};
/* End PBXContainerItemProxy section */

/* Begin PBXFileReference section */
		F787EC692636928B00D6D4F6 /* MovieDetailViewController.swift */ = {isa = PBXFileReference; lastKnownFileType = sourcecode.swift; path = MovieDetailViewController.swift; sourceTree = "<group>"; };
		F79E0C33263BB6B800E676B9 /* MovieController.swift */ = {isa = PBXFileReference; lastKnownFileType = sourcecode.swift; path = MovieController.swift; sourceTree = "<group>"; };
		F79E0C38263BE8D600E676B9 /* Tool.swift */ = {isa = PBXFileReference; lastKnownFileType = sourcecode.swift; path = Tool.swift; sourceTree = "<group>"; };
		F7AF8255262C4B450048FF7F /* Movie.app */ = {isa = PBXFileReference; explicitFileType = wrapper.application; includeInIndex = 0; path = Movie.app; sourceTree = BUILT_PRODUCTS_DIR; };
		F7AF8258262C4B450048FF7F /* AppDelegate.swift */ = {isa = PBXFileReference; lastKnownFileType = sourcecode.swift; path = AppDelegate.swift; sourceTree = "<group>"; };
		F7AF825A262C4B450048FF7F /* SceneDelegate.swift */ = {isa = PBXFileReference; lastKnownFileType = sourcecode.swift; path = SceneDelegate.swift; sourceTree = "<group>"; };
		F7AF825C262C4B450048FF7F /* ViewController.swift */ = {isa = PBXFileReference; lastKnownFileType = sourcecode.swift; path = ViewController.swift; sourceTree = "<group>"; };
		F7AF825F262C4B450048FF7F /* Base */ = {isa = PBXFileReference; lastKnownFileType = file.storyboard; name = Base; path = Base.lproj/Main.storyboard; sourceTree = "<group>"; };
		F7AF8261262C4B460048FF7F /* Assets.xcassets */ = {isa = PBXFileReference; lastKnownFileType = folder.assetcatalog; path = Assets.xcassets; sourceTree = "<group>"; };
		F7AF8264262C4B460048FF7F /* Base */ = {isa = PBXFileReference; lastKnownFileType = file.storyboard; name = Base; path = Base.lproj/LaunchScreen.storyboard; sourceTree = "<group>"; };
		F7AF8266262C4B460048FF7F /* Info.plist */ = {isa = PBXFileReference; lastKnownFileType = text.plist.xml; path = Info.plist; sourceTree = "<group>"; };
		F7AF826B262C4B460048FF7F /* MovieTests.xctest */ = {isa = PBXFileReference; explicitFileType = wrapper.cfbundle; includeInIndex = 0; path = MovieTests.xctest; sourceTree = BUILT_PRODUCTS_DIR; };
		F7AF826F262C4B460048FF7F /* MovieTests.swift */ = {isa = PBXFileReference; lastKnownFileType = sourcecode.swift; path = MovieTests.swift; sourceTree = "<group>"; };
		F7AF8271262C4B460048FF7F /* Info.plist */ = {isa = PBXFileReference; lastKnownFileType = text.plist.xml; path = Info.plist; sourceTree = "<group>"; };
		F7AF8276262C4B460048FF7F /* MovieUITests.xctest */ = {isa = PBXFileReference; explicitFileType = wrapper.cfbundle; includeInIndex = 0; path = MovieUITests.xctest; sourceTree = BUILT_PRODUCTS_DIR; };
		F7AF827A262C4B460048FF7F /* MovieUITests.swift */ = {isa = PBXFileReference; lastKnownFileType = sourcecode.swift; path = MovieUITests.swift; sourceTree = "<group>"; };
		F7AF827C262C4B460048FF7F /* Info.plist */ = {isa = PBXFileReference; lastKnownFileType = text.plist.xml; path = Info.plist; sourceTree = "<group>"; };
		F7AF828C262C60390048FF7F /* MovieCollectionViewCell.swift */ = {isa = PBXFileReference; lastKnownFileType = sourcecode.swift; path = MovieCollectionViewCell.swift; sourceTree = "<group>"; };
		F7AF8291262C69400048FF7F /* Movie.swift */ = {isa = PBXFileReference; lastKnownFileType = sourcecode.swift; path = Movie.swift; sourceTree = "<group>"; };
		F7B7741D2647B368006768D3 /* Constants.swift */ = {isa = PBXFileReference; lastKnownFileType = sourcecode.swift; path = Constants.swift; sourceTree = "<group>"; };
/* End PBXFileReference section */

/* Begin PBXFrameworksBuildPhase section */
		F7AF8252262C4B450048FF7F /* Frameworks */ = {
			isa = PBXFrameworksBuildPhase;
			buildActionMask = 2147483647;
			files = (
			);
			runOnlyForDeploymentPostprocessing = 0;
		};
		F7AF8268262C4B460048FF7F /* Frameworks */ = {
			isa = PBXFrameworksBuildPhase;
			buildActionMask = 2147483647;
			files = (
			);
			runOnlyForDeploymentPostprocessing = 0;
		};
		F7AF8273262C4B460048FF7F /* Frameworks */ = {
			isa = PBXFrameworksBuildPhase;
			buildActionMask = 2147483647;
			files = (
			);
			runOnlyForDeploymentPostprocessing = 0;
		};
/* End PBXFrameworksBuildPhase section */

/* Begin PBXGroup section */
		F7AF824C262C4B450048FF7F = {
			isa = PBXGroup;
			children = (
				F7AF8257262C4B450048FF7F /* Movie */,
				F7AF826E262C4B460048FF7F /* MovieTests */,
				F7AF8279262C4B460048FF7F /* MovieUITests */,
				F7AF8256262C4B450048FF7F /* Products */,
			);
			sourceTree = "<group>";
		};
		F7AF8256262C4B450048FF7F /* Products */ = {
			isa = PBXGroup;
			children = (
				F7AF8255262C4B450048FF7F /* Movie.app */,
				F7AF826B262C4B460048FF7F /* MovieTests.xctest */,
				F7AF8276262C4B460048FF7F /* MovieUITests.xctest */,
			);
			name = Products;
			sourceTree = "<group>";
		};
		F7AF8257262C4B450048FF7F /* Movie */ = {
			isa = PBXGroup;
			children = (
				F7AF8258262C4B450048FF7F /* AppDelegate.swift */,
				F7AF825A262C4B450048FF7F /* SceneDelegate.swift */,
				F7AF825C262C4B450048FF7F /* ViewController.swift */,
				F7AF825E262C4B450048FF7F /* Main.storyboard */,
				F7AF8261262C4B460048FF7F /* Assets.xcassets */,
				F7AF8263262C4B460048FF7F /* LaunchScreen.storyboard */,
				F7AF8266262C4B460048FF7F /* Info.plist */,
				F7AF828C262C60390048FF7F /* MovieCollectionViewCell.swift */,
				F7AF8291262C69400048FF7F /* Movie.swift */,
				F787EC692636928B00D6D4F6 /* MovieDetailViewController.swift */,
				F79E0C33263BB6B800E676B9 /* MovieController.swift */,
				F79E0C38263BE8D600E676B9 /* Tool.swift */,
				F7B7741D2647B368006768D3 /* Constants.swift */,
			);
			path = Movie;
			sourceTree = "<group>";
		};
		F7AF826E262C4B460048FF7F /* MovieTests */ = {
			isa = PBXGroup;
			children = (
				F7AF826F262C4B460048FF7F /* MovieTests.swift */,
				F7AF8271262C4B460048FF7F /* Info.plist */,
			);
			path = MovieTests;
			sourceTree = "<group>";
		};
		F7AF8279262C4B460048FF7F /* MovieUITests */ = {
			isa = PBXGroup;
			children = (
				F7AF827A262C4B460048FF7F /* MovieUITests.swift */,
				F7AF827C262C4B460048FF7F /* Info.plist */,
			);
			path = MovieUITests;
			sourceTree = "<group>";
		};
/* End PBXGroup section */

/* Begin PBXNativeTarget section */
		F7AF8254262C4B450048FF7F /* Movie */ = {
			isa = PBXNativeTarget;
			buildConfigurationList = F7AF827F262C4B460048FF7F /* Build configuration list for PBXNativeTarget "Movie" */;
			buildPhases = (
				F7AF8251262C4B450048FF7F /* Sources */,
				F7AF8252262C4B450048FF7F /* Frameworks */,
				F7AF8253262C4B450048FF7F /* Resources */,
			);
			buildRules = (
			);
			dependencies = (
			);
			name = Movie;
			productName = Movie;
			productReference = F7AF8255262C4B450048FF7F /* Movie.app */;
			productType = "com.apple.product-type.application";
		};
		F7AF826A262C4B460048FF7F /* MovieTests */ = {
			isa = PBXNativeTarget;
			buildConfigurationList = F7AF8282262C4B460048FF7F /* Build configuration list for PBXNativeTarget "MovieTests" */;
			buildPhases = (
				F7AF8267262C4B460048FF7F /* Sources */,
				F7AF8268262C4B460048FF7F /* Frameworks */,
				F7AF8269262C4B460048FF7F /* Resources */,
			);
			buildRules = (
			);
			dependencies = (
				F7AF826D262C4B460048FF7F /* PBXTargetDependency */,
			);
			name = MovieTests;
			productName = MovieTests;
			productReference = F7AF826B262C4B460048FF7F /* MovieTests.xctest */;
			productType = "com.apple.product-type.bundle.unit-test";
		};
		F7AF8275262C4B460048FF7F /* MovieUITests */ = {
			isa = PBXNativeTarget;
			buildConfigurationList = F7AF8285262C4B460048FF7F /* Build configuration list for PBXNativeTarget "MovieUITests" */;
			buildPhases = (
				F7AF8272262C4B460048FF7F /* Sources */,
				F7AF8273262C4B460048FF7F /* Frameworks */,
				F7AF8274262C4B460048FF7F /* Resources */,
			);
			buildRules = (
			);
			dependencies = (
				F7AF8278262C4B460048FF7F /* PBXTargetDependency */,
			);
			name = MovieUITests;
			productName = MovieUITests;
			productReference = F7AF8276262C4B460048FF7F /* MovieUITests.xctest */;
			productType = "com.apple.product-type.bundle.ui-testing";
		};
/* End PBXNativeTarget section */

/* Begin PBXProject section */
		F7AF824D262C4B450048FF7F /* Project object */ = {
			isa = PBXProject;
			attributes = {
				LastSwiftUpdateCheck = 1240;
				LastUpgradeCheck = 1240;
				TargetAttributes = {
					F7AF8254262C4B450048FF7F = {
						CreatedOnToolsVersion = 12.4;
					};
					F7AF826A262C4B460048FF7F = {
						CreatedOnToolsVersion = 12.4;
						TestTargetID = F7AF8254262C4B450048FF7F;
					};
					F7AF8275262C4B460048FF7F = {
						CreatedOnToolsVersion = 12.4;
						TestTargetID = F7AF8254262C4B450048FF7F;
					};
				};
			};
			buildConfigurationList = F7AF8250262C4B450048FF7F /* Build configuration list for PBXProject "Movie" */;
			compatibilityVersion = "Xcode 9.3";
			developmentRegion = en;
			hasScannedForEncodings = 0;
			knownRegions = (
				en,
				Base,
			);
			mainGroup = F7AF824C262C4B450048FF7F;
			productRefGroup = F7AF8256262C4B450048FF7F /* Products */;
			projectDirPath = "";
			projectRoot = "";
			targets = (
				F7AF8254262C4B450048FF7F /* Movie */,
				F7AF826A262C4B460048FF7F /* MovieTests */,
				F7AF8275262C4B460048FF7F /* MovieUITests */,
			);
		};
/* End PBXProject section */

/* Begin PBXResourcesBuildPhase section */
		F7AF8253262C4B450048FF7F /* Resources */ = {
			isa = PBXResourcesBuildPhase;
			buildActionMask = 2147483647;
			files = (
				F7AF8265262C4B460048FF7F /* LaunchScreen.storyboard in Resources */,
				F7AF8262262C4B460048FF7F /* Assets.xcassets in Resources */,
				F7AF8260262C4B450048FF7F /* Main.storyboard in Resources */,
			);
			runOnlyForDeploymentPostprocessing = 0;
		};
		F7AF8269262C4B460048FF7F /* Resources */ = {
			isa = PBXResourcesBuildPhase;
			buildActionMask = 2147483647;
			files = (
			);
			runOnlyForDeploymentPostprocessing = 0;
		};
		F7AF8274262C4B460048FF7F /* Resources */ = {
			isa = PBXResourcesBuildPhase;
			buildActionMask = 2147483647;
			files = (
			);
			runOnlyForDeploymentPostprocessing = 0;
		};
/* End PBXResourcesBuildPhase section */

/* Begin PBXSourcesBuildPhase section */
		F7AF8251262C4B450048FF7F /* Sources */ = {
			isa = PBXSourcesBuildPhase;
			buildActionMask = 2147483647;
			files = (
				F7AF825D262C4B450048FF7F /* ViewController.swift in Sources */,
				F7AF8259262C4B450048FF7F /* AppDelegate.swift in Sources */,
				F7AF825B262C4B450048FF7F /* SceneDelegate.swift in Sources */,
				F79E0C39263BE8D600E676B9 /* Tool.swift in Sources */,
				F787EC6A2636928B00D6D4F6 /* MovieDetailViewController.swift in Sources */,
				F7AF8292262C69400048FF7F /* Movie.swift in Sources */,
				F79E0C34263BB6B800E676B9 /* MovieController.swift in Sources */,
				F7AF828D262C60390048FF7F /* MovieCollectionViewCell.swift in Sources */,
				F7B7741E2647B368006768D3 /* Constants.swift in Sources */,
			);
			runOnlyForDeploymentPostprocessing = 0;
		};
		F7AF8267262C4B460048FF7F /* Sources */ = {
			isa = PBXSourcesBuildPhase;
			buildActionMask = 2147483647;
			files = (
				F7AF8270262C4B460048FF7F /* MovieTests.swift in Sources */,
			);
			runOnlyForDeploymentPostprocessing = 0;
		};
		F7AF8272262C4B460048FF7F /* Sources */ = {
			isa = PBXSourcesBuildPhase;
			buildActionMask = 2147483647;
			files = (
				F7AF827B262C4B460048FF7F /* MovieUITests.swift in Sources */,
			);
			runOnlyForDeploymentPostprocessing = 0;
		};
/* End PBXSourcesBuildPhase section */

/* Begin PBXTargetDependency section */
		F7AF826D262C4B460048FF7F /* PBXTargetDependency */ = {
			isa = PBXTargetDependency;
			target = F7AF8254262C4B450048FF7F /* Movie */;
			targetProxy = F7AF826C262C4B460048FF7F /* PBXContainerItemProxy */;
		};
		F7AF8278262C4B460048FF7F /* PBXTargetDependency */ = {
			isa = PBXTargetDependency;
			target = F7AF8254262C4B450048FF7F /* Movie */;
			targetProxy = F7AF8277262C4B460048FF7F /* PBXContainerItemProxy */;
		};
/* End PBXTargetDependency section */

/* Begin PBXVariantGroup section */
		F7AF825E262C4B450048FF7F /* Main.storyboard */ = {
			isa = PBXVariantGroup;
			children = (
				F7AF825F262C4B450048FF7F /* Base */,
			);
			name = Main.storyboard;
			sourceTree = "<group>";
		};
		F7AF8263262C4B460048FF7F /* LaunchScreen.storyboard */ = {
			isa = PBXVariantGroup;
			children = (
				F7AF8264262C4B460048FF7F /* Base */,
			);
			name = LaunchScreen.storyboard;
			sourceTree = "<group>";
		};
/* End PBXVariantGroup section */

/* Begin XCBuildConfiguration section */
		F7AF827D262C4B460048FF7F /* Debug */ = {
			isa = XCBuildConfiguration;
			buildSettings = {
				ALWAYS_SEARCH_USER_PATHS = NO;
				CLANG_ANALYZER_NONNULL = YES;
				CLANG_ANALYZER_NUMBER_OBJECT_CONVERSION = YES_AGGRESSIVE;
				CLANG_CXX_LANGUAGE_STANDARD = "gnu++14";
				CLANG_CXX_LIBRARY = "libc++";
				CLANG_ENABLE_MODULES = YES;
				CLANG_ENABLE_OBJC_ARC = YES;
				CLANG_ENABLE_OBJC_WEAK = YES;
				CLANG_WARN_BLOCK_CAPTURE_AUTORELEASING = YES;
				CLANG_WARN_BOOL_CONVERSION = YES;
				CLANG_WARN_COMMA = YES;
				CLANG_WARN_CONSTANT_CONVERSION = YES;
				CLANG_WARN_DEPRECATED_OBJC_IMPLEMENTATIONS = YES;
				CLANG_WARN_DIRECT_OBJC_ISA_USAGE = YES_ERROR;
				CLANG_WARN_DOCUMENTATION_COMMENTS = YES;
				CLANG_WARN_EMPTY_BODY = YES;
				CLANG_WARN_ENUM_CONVERSION = YES;
				CLANG_WARN_INFINITE_RECURSION = YES;
				CLANG_WARN_INT_CONVERSION = YES;
				CLANG_WARN_NON_LITERAL_NULL_CONVERSION = YES;
				CLANG_WARN_OBJC_IMPLICIT_RETAIN_SELF = YES;
				CLANG_WARN_OBJC_LITERAL_CONVERSION = YES;
				CLANG_WARN_OBJC_ROOT_CLASS = YES_ERROR;
				CLANG_WARN_QUOTED_INCLUDE_IN_FRAMEWORK_HEADER = YES;
				CLANG_WARN_RANGE_LOOP_ANALYSIS = YES;
				CLANG_WARN_STRICT_PROTOTYPES = YES;
				CLANG_WARN_SUSPICIOUS_MOVE = YES;
				CLANG_WARN_UNGUARDED_AVAILABILITY = YES_AGGRESSIVE;
				CLANG_WARN_UNREACHABLE_CODE = YES;
				CLANG_WARN__DUPLICATE_METHOD_MATCH = YES;
				COPY_PHASE_STRIP = NO;
				DEBUG_INFORMATION_FORMAT = dwarf;
				ENABLE_STRICT_OBJC_MSGSEND = YES;
				ENABLE_TESTABILITY = YES;
				GCC_C_LANGUAGE_STANDARD = gnu11;
				GCC_DYNAMIC_NO_PIC = NO;
				GCC_NO_COMMON_BLOCKS = YES;
				GCC_OPTIMIZATION_LEVEL = 0;
				GCC_PREPROCESSOR_DEFINITIONS = (
					"DEBUG=1",
					"$(inherited)",
				);
				GCC_WARN_64_TO_32_BIT_CONVERSION = YES;
				GCC_WARN_ABOUT_RETURN_TYPE = YES_ERROR;
				GCC_WARN_UNDECLARED_SELECTOR = YES;
				GCC_WARN_UNINITIALIZED_AUTOS = YES_AGGRESSIVE;
				GCC_WARN_UNUSED_FUNCTION = YES;
				GCC_WARN_UNUSED_VARIABLE = YES;
				IPHONEOS_DEPLOYMENT_TARGET = 14.4;
				MTL_ENABLE_DEBUG_INFO = INCLUDE_SOURCE;
				MTL_FAST_MATH = YES;
				ONLY_ACTIVE_ARCH = YES;
				SDKROOT = iphoneos;
				SWIFT_ACTIVE_COMPILATION_CONDITIONS = DEBUG;
				SWIFT_OPTIMIZATION_LEVEL = "-Onone";
			};
			name = Debug;
		};
		F7AF827E262C4B460048FF7F /* Release */ = {
			isa = XCBuildConfiguration;
			buildSettings = {
				ALWAYS_SEARCH_USER_PATHS = NO;
				CLANG_ANALYZER_NONNULL = YES;
				CLANG_ANALYZER_NUMBER_OBJECT_CONVERSION = YES_AGGRESSIVE;
				CLANG_CXX_LANGUAGE_STANDARD = "gnu++14";
				CLANG_CXX_LIBRARY = "libc++";
				CLANG_ENABLE_MODULES = YES;
				CLANG_ENABLE_OBJC_ARC = YES;
				CLANG_ENABLE_OBJC_WEAK = YES;
				CLANG_WARN_BLOCK_CAPTURE_AUTORELEASING = YES;
				CLANG_WARN_BOOL_CONVERSION = YES;
				CLANG_WARN_COMMA = YES;
				CLANG_WARN_CONSTANT_CONVERSION = YES;
				CLANG_WARN_DEPRECATED_OBJC_IMPLEMENTATIONS = YES;
				CLANG_WARN_DIRECT_OBJC_ISA_USAGE = YES_ERROR;
				CLANG_WARN_DOCUMENTATION_COMMENTS = YES;
				CLANG_WARN_EMPTY_BODY = YES;
				CLANG_WARN_ENUM_CONVERSION = YES;
				CLANG_WARN_INFINITE_RECURSION = YES;
				CLANG_WARN_INT_CONVERSION = YES;
				CLANG_WARN_NON_LITERAL_NULL_CONVERSION = YES;
				CLANG_WARN_OBJC_IMPLICIT_RETAIN_SELF = YES;
				CLANG_WARN_OBJC_LITERAL_CONVERSION = YES;
				CLANG_WARN_OBJC_ROOT_CLASS = YES_ERROR;
				CLANG_WARN_QUOTED_INCLUDE_IN_FRAMEWORK_HEADER = YES;
				CLANG_WARN_RANGE_LOOP_ANALYSIS = YES;
				CLANG_WARN_STRICT_PROTOTYPES = YES;
				CLANG_WARN_SUSPICIOUS_MOVE = YES;
				CLANG_WARN_UNGUARDED_AVAILABILITY = YES_AGGRESSIVE;
				CLANG_WARN_UNREACHABLE_CODE = YES;
				CLANG_WARN__DUPLICATE_METHOD_MATCH = YES;
				COPY_PHASE_STRIP = NO;
				DEBUG_INFORMATION_FORMAT = "dwarf-with-dsym";
				ENABLE_NS_ASSERTIONS = NO;
				ENABLE_STRICT_OBJC_MSGSEND = YES;
				GCC_C_LANGUAGE_STANDARD = gnu11;
				GCC_NO_COMMON_BLOCKS = YES;
				GCC_WARN_64_TO_32_BIT_CONVERSION = YES;
				GCC_WARN_ABOUT_RETURN_TYPE = YES_ERROR;
				GCC_WARN_UNDECLARED_SELECTOR = YES;
				GCC_WARN_UNINITIALIZED_AUTOS = YES_AGGRESSIVE;
				GCC_WARN_UNUSED_FUNCTION = YES;
				GCC_WARN_UNUSED_VARIABLE = YES;
				IPHONEOS_DEPLOYMENT_TARGET = 14.4;
				MTL_ENABLE_DEBUG_INFO = NO;
				MTL_FAST_MATH = YES;
				SDKROOT = iphoneos;
				SWIFT_COMPILATION_MODE = wholemodule;
				SWIFT_OPTIMIZATION_LEVEL = "-O";
				VALIDATE_PRODUCT = YES;
			};
			name = Release;
		};
		F7AF8280262C4B460048FF7F /* Debug */ = {
			isa = XCBuildConfiguration;
			buildSettings = {
				ASSETCATALOG_COMPILER_APPICON_NAME = AppIcon;
				ASSETCATALOG_COMPILER_GLOBAL_ACCENT_COLOR_NAME = AccentColor;
				CODE_SIGN_STYLE = Automatic;
				DEVELOPMENT_TEAM = 2LSWL266A7;
				INFOPLIST_FILE = Movie/Info.plist;
				LD_RUNPATH_SEARCH_PATHS = (
					"$(inherited)",
					"@executable_path/Frameworks",
				);
				PRODUCT_BUNDLE_IDENTIFIER = com.PPCompany.Movie;
				PRODUCT_NAME = "$(TARGET_NAME)";
				SWIFT_VERSION = 5.0;
				TARGETED_DEVICE_FAMILY = "1,2";
			};
			name = Debug;
		};
		F7AF8281262C4B460048FF7F /* Release */ = {
			isa = XCBuildConfiguration;
			buildSettings = {
				ASSETCATALOG_COMPILER_APPICON_NAME = AppIcon;
				ASSETCATALOG_COMPILER_GLOBAL_ACCENT_COLOR_NAME = AccentColor;
				CODE_SIGN_STYLE = Automatic;
				DEVELOPMENT_TEAM = 2LSWL266A7;
				INFOPLIST_FILE = Movie/Info.plist;
				LD_RUNPATH_SEARCH_PATHS = (
					"$(inherited)",
					"@executable_path/Frameworks",
				);
				PRODUCT_BUNDLE_IDENTIFIER = com.PPCompany.Movie;
				PRODUCT_NAME = "$(TARGET_NAME)";
				SWIFT_VERSION = 5.0;
				TARGETED_DEVICE_FAMILY = "1,2";
			};
			name = Release;
		};
		F7AF8283262C4B460048FF7F /* Debug */ = {
			isa = XCBuildConfiguration;
			buildSettings = {
				ALWAYS_EMBED_SWIFT_STANDARD_LIBRARIES = YES;
				BUNDLE_LOADER = "$(TEST_HOST)";
				CODE_SIGN_STYLE = Automatic;
				DEVELOPMENT_TEAM = 2LSWL266A7;
				INFOPLIST_FILE = MovieTests/Info.plist;
				IPHONEOS_DEPLOYMENT_TARGET = 14.4;
				LD_RUNPATH_SEARCH_PATHS = (
					"$(inherited)",
					"@executable_path/Frameworks",
					"@loader_path/Frameworks",
				);
				PRODUCT_BUNDLE_IDENTIFIER = com.PPCompany.MovieTests;
				PRODUCT_NAME = "$(TARGET_NAME)";
				SWIFT_VERSION = 5.0;
				TARGETED_DEVICE_FAMILY = "1,2";
				TEST_HOST = "$(BUILT_PRODUCTS_DIR)/Movie.app/Movie";
			};
			name = Debug;
		};
		F7AF8284262C4B460048FF7F /* Release */ = {
			isa = XCBuildConfiguration;
			buildSettings = {
				ALWAYS_EMBED_SWIFT_STANDARD_LIBRARIES = YES;
				BUNDLE_LOADER = "$(TEST_HOST)";
				CODE_SIGN_STYLE = Automatic;
				DEVELOPMENT_TEAM = 2LSWL266A7;
				INFOPLIST_FILE = MovieTests/Info.plist;
				IPHONEOS_DEPLOYMENT_TARGET = 14.4;
				LD_RUNPATH_SEARCH_PATHS = (
					"$(inherited)",
					"@executable_path/Frameworks",
					"@loader_path/Frameworks",
				);
				PRODUCT_BUNDLE_IDENTIFIER = com.PPCompany.MovieTests;
				PRODUCT_NAME = "$(TARGET_NAME)";
				SWIFT_VERSION = 5.0;
				TARGETED_DEVICE_FAMILY = "1,2";
				TEST_HOST = "$(BUILT_PRODUCTS_DIR)/Movie.app/Movie";
			};
			name = Release;
		};
		F7AF8286262C4B460048FF7F /* Debug */ = {
			isa = XCBuildConfiguration;
			buildSettings = {
				ALWAYS_EMBED_SWIFT_STANDARD_LIBRARIES = YES;
				CODE_SIGN_STYLE = Automatic;
				DEVELOPMENT_TEAM = 2LSWL266A7;
				INFOPLIST_FILE = MovieUITests/Info.plist;
				LD_RUNPATH_SEARCH_PATHS = (
					"$(inherited)",
					"@executable_path/Frameworks",
					"@loader_path/Frameworks",
				);
				PRODUCT_BUNDLE_IDENTIFIER = com.PPCompany.MovieUITests;
				PRODUCT_NAME = "$(TARGET_NAME)";
				SWIFT_VERSION = 5.0;
				TARGETED_DEVICE_FAMILY = "1,2";
				TEST_TARGET_NAME = Movie;
			};
			name = Debug;
		};
		F7AF8287262C4B460048FF7F /* Release */ = {
			isa = XCBuildConfiguration;
			buildSettings = {
				ALWAYS_EMBED_SWIFT_STANDARD_LIBRARIES = YES;
				CODE_SIGN_STYLE = Automatic;
				DEVELOPMENT_TEAM = 2LSWL266A7;
				INFOPLIST_FILE = MovieUITests/Info.plist;
				LD_RUNPATH_SEARCH_PATHS = (
					"$(inherited)",
					"@executable_path/Frameworks",
					"@loader_path/Frameworks",
				);
				PRODUCT_BUNDLE_IDENTIFIER = com.PPCompany.MovieUITests;
				PRODUCT_NAME = "$(TARGET_NAME)";
				SWIFT_VERSION = 5.0;
				TARGETED_DEVICE_FAMILY = "1,2";
				TEST_TARGET_NAME = Movie;
			};
			name = Release;
		};
/* End XCBuildConfiguration section */

/* Begin XCConfigurationList section */
		F7AF8250262C4B450048FF7F /* Build configuration list for PBXProject "Movie" */ = {
			isa = XCConfigurationList;
			buildConfigurations = (
				F7AF827D262C4B460048FF7F /* Debug */,
				F7AF827E262C4B460048FF7F /* Release */,
			);
			defaultConfigurationIsVisible = 0;
			defaultConfigurationName = Release;
		};
		F7AF827F262C4B460048FF7F /* Build configuration list for PBXNativeTarget "Movie" */ = {
			isa = XCConfigurationList;
			buildConfigurations = (
				F7AF8280262C4B460048FF7F /* Debug */,
				F7AF8281262C4B460048FF7F /* Release */,
			);
			defaultConfigurationIsVisible = 0;
			defaultConfigurationName = Release;
		};
		F7AF8282262C4B460048FF7F /* Build configuration list for PBXNativeTarget "MovieTests" */ = {
			isa = XCConfigurationList;
			buildConfigurations = (
				F7AF8283262C4B460048FF7F /* Debug */,
				F7AF8284262C4B460048FF7F /* Release */,
			);
			defaultConfigurationIsVisible = 0;
			defaultConfigurationName = Release;
		};
		F7AF8285262C4B460048FF7F /* Build configuration list for PBXNativeTarget "MovieUITests" */ = {
			isa = XCConfigurationList;
			buildConfigurations = (
				F7AF8286262C4B460048FF7F /* Debug */,
				F7AF8287262C4B460048FF7F /* Release */,
			);
			defaultConfigurationIsVisible = 0;
			defaultConfigurationName = Release;
		};
/* End XCConfigurationList section */
	};
	rootObject = F7AF824D262C4B450048FF7F /* Project object */;
}
